
Microsoft Visual Studio Solution File, Format Version 12.00
# Visual Studio Version 17
VisualStudioVersion = 17.2.32210.308
MinimumVisualStudioVersion = 10.0.40219.1
Project("{9A19103F-16F7-4668-BE54-9A1E7A4F7556}") = "Penumbra", "Penumbra\Penumbra.csproj", "{13C812E9-0D42-4B95-8646-40EEBF30636F}"
EndProject
Project("{2150E333-8FDC-42A3-9474-1A3956D46DE8}") = "Solution Items", "Solution Items", "{F89C9EAE-25C8-43BE-8108-5921E5A93502}"
	ProjectSection(SolutionItems) = preProject
		.editorconfig = .editorconfig
	EndProjectSection
EndProject
Project("{9A19103F-16F7-4668-BE54-9A1E7A4F7556}") = "Penumbra.GameData", "Penumbra.GameData\Penumbra.GameData.csproj", "{EE551E87-FDB3-4612-B500-DC870C07C605}"
EndProject
Project("{9A19103F-16F7-4668-BE54-9A1E7A4F7556}") = "OtterGui", "OtterGui\OtterGui.csproj", "{87750518-1A20-40B4-9FC1-22F906EFB290}"
EndProject
Project("{9A19103F-16F7-4668-BE54-9A1E7A4F7556}") = "Penumbra.Api", "Penumbra.Api\Penumbra.Api.csproj", "{1FE4D8DF-B56A-464F-B39E-CDC0ED4167D4}"
EndProject
Project("{9A19103F-16F7-4668-BE54-9A1E7A4F7556}") = "Penumbra.String", "Penumbra.String\Penumbra.String.csproj", "{5549BAFD-6357-4B1A-800C-75AC36E5B76D}"
EndProject
Project("{9A19103F-16F7-4668-BE54-9A1E7A4F7556}") = "LooseTextureCompilerCore", "LooseTextureCompilerCore\LooseTextureCompilerCore.csproj", "{39769DC8-E6B7-4C5C-8758-7FB36F6A7FB4}"
EndProject
Global
	GlobalSection(SolutionConfigurationPlatforms) = preSolution
		Debug|Any CPU = Debug|Any CPU
		Release|Any CPU = Release|Any CPU
	EndGlobalSection
	GlobalSection(ProjectConfigurationPlatforms) = postSolution
		{13C812E9-0D42-4B95-8646-40EEBF30636F}.Debug|Any CPU.ActiveCfg = Debug|Any CPU
		{13C812E9-0D42-4B95-8646-40EEBF30636F}.Debug|Any CPU.Build.0 = Debug|Any CPU
		{13C812E9-0D42-4B95-8646-40EEBF30636F}.Release|Any CPU.ActiveCfg = Release|Any CPU
		{13C812E9-0D42-4B95-8646-40EEBF30636F}.Release|Any CPU.Build.0 = Release|Any CPU
		{EE551E87-FDB3-4612-B500-DC870C07C605}.Debug|Any CPU.ActiveCfg = Debug|Any CPU
		{EE551E87-FDB3-4612-B500-DC870C07C605}.Debug|Any CPU.Build.0 = Debug|Any CPU
		{EE551E87-FDB3-4612-B500-DC870C07C605}.Release|Any CPU.ActiveCfg = Release|Any CPU
		{EE551E87-FDB3-4612-B500-DC870C07C605}.Release|Any CPU.Build.0 = Release|Any CPU
		{87750518-1A20-40B4-9FC1-22F906EFB290}.Debug|Any CPU.ActiveCfg = Debug|Any CPU
		{87750518-1A20-40B4-9FC1-22F906EFB290}.Debug|Any CPU.Build.0 = Debug|Any CPU
		{87750518-1A20-40B4-9FC1-22F906EFB290}.Release|Any CPU.ActiveCfg = Release|Any CPU
		{87750518-1A20-40B4-9FC1-22F906EFB290}.Release|Any CPU.Build.0 = Release|Any CPU
		{1FE4D8DF-B56A-464F-B39E-CDC0ED4167D4}.Debug|Any CPU.ActiveCfg = Debug|Any CPU
		{1FE4D8DF-B56A-464F-B39E-CDC0ED4167D4}.Debug|Any CPU.Build.0 = Debug|Any CPU
		{1FE4D8DF-B56A-464F-B39E-CDC0ED4167D4}.Release|Any CPU.ActiveCfg = Release|Any CPU
		{1FE4D8DF-B56A-464F-B39E-CDC0ED4167D4}.Release|Any CPU.Build.0 = Release|Any CPU
		{5549BAFD-6357-4B1A-800C-75AC36E5B76D}.Debug|Any CPU.ActiveCfg = Debug|Any CPU
		{5549BAFD-6357-4B1A-800C-75AC36E5B76D}.Debug|Any CPU.Build.0 = Debug|Any CPU
		{5549BAFD-6357-4B1A-800C-75AC36E5B76D}.Release|Any CPU.ActiveCfg = Release|Any CPU
		{5549BAFD-6357-4B1A-800C-75AC36E5B76D}.Release|Any CPU.Build.0 = Release|Any CPU
		{39769DC8-E6B7-4C5C-8758-7FB36F6A7FB4}.Debug|Any CPU.ActiveCfg = Debug|Any CPU
		{39769DC8-E6B7-4C5C-8758-7FB36F6A7FB4}.Debug|Any CPU.Build.0 = Debug|Any CPU
		{39769DC8-E6B7-4C5C-8758-7FB36F6A7FB4}.Release|Any CPU.ActiveCfg = Release|Any CPU
		{39769DC8-E6B7-4C5C-8758-7FB36F6A7FB4}.Release|Any CPU.Build.0 = Release|Any CPU
	EndGlobalSection
	GlobalSection(SolutionProperties) = preSolution
		HideSolutionNode = FALSE
	EndGlobalSection
	GlobalSection(ExtensibilityGlobals) = postSolution
		SolutionGuid = {B17E85B1-5F60-4440-9F9A-3DDE877E8CDF}
	EndGlobalSection
EndGlobal
