{
  "version": 1,
  "dependencies": {
    "net8.0-windows7.0": {
      "EmbedIO": {
        "type": "Direct",
        "requested": "[3.5.2, )",
        "resolved": "3.5.2",
        "contentHash": "YU4j+3XvuO8/VPkNf7KWOF1TpMhnyVhXnPsG1mvnDhTJ9D5BZOFXVDvCpE/SkQ1AJ0Aa+dXOVSW3ntgmLL7aJg==",
        "dependencies": {
          "Unosquare.Swan.Lite": "3.1.0"
        }
      },
      "PeNet": {
        "type": "Direct",
        "requested": "[4.0.5, )",
        "resolved": "4.0.5",
        "contentHash": "/OUfRnMG8STVuK8kTpdfm+WQGTDoUiJnI845kFw4QrDmv2gYourmSnH84pqVjHT1YHBSuRfCzfioIpHGjFJrGA==",
        "dependencies": {
          "PeNet.Asn1": "2.0.1",
          "System.Security.Cryptography.Pkcs": "8.0.0"
        }
      },
      "SharpCompress": {
        "type": "Direct",
        "requested": "[0.37.2, )",
        "resolved": "0.37.2",
        "contentHash": "cFBpTct57aubLQXkdqMmgP8GGTFRh7fnRWP53lgE/EYUpDZJ27SSvTkdjB4OYQRZ20SJFpzczUquKLbt/9xkhw==",
        "dependencies": {
          "ZstdSharp.Port": "0.8.0"
        }
      },
      "SharpGLTF.Core": {
        "type": "Direct",
        "requested": "[1.0.1, )",
        "resolved": "1.0.1",
        "contentHash": "ykeV1oNHcJrEJE7s0pGAsf/nYGYY7wqF9nxCMxJUjp/WdW+UUgR1cGdbAa2lVZPkiXEwLzWenZ5wPz7yS0Gj9w=="
      },
      "SharpGLTF.Toolkit": {
        "type": "Direct",
        "requested": "[1.0.1, )",
        "resolved": "1.0.1",
        "contentHash": "LYBjHdHW5Z8R1oT1iI04si3559tWdZ3jTdHfDEu0jqhuyU8w3oJRLFUoDfVeCOI5zWXlVQPtlpjhH9XTfFFAcA==",
        "dependencies": {
          "SharpGLTF.Runtime": "1.0.1"
        }
      },
      "SixLabors.ImageSharp": {
        "type": "Direct",
        "requested": "[3.1.5, )",
        "resolved": "3.1.5",
        "contentHash": "lNtlq7dSI/QEbYey+A0xn48z5w4XHSffF8222cC4F4YwTXfEImuiBavQcWjr49LThT/pRmtWJRcqA/PlL+eJ6g=="
      },
      "System.Formats.Asn1": {
        "type": "Direct",
        "requested": "[8.0.1, )",
        "resolved": "8.0.1",
        "contentHash": "XqKba7Mm/koKSjKMfW82olQdmfbI5yqeoLV/tidRp7fbh5rmHAQ5raDI/7SU0swTzv+jgqtUGkzmFxuUg0it1A=="
      },
      "JetBrains.Annotations": {
        "type": "Transitive",
        "resolved": "2024.2.0",
        "contentHash": "GNnqCFW/163p1fOehKx0CnAqjmpPrUSqrgfHM6qca+P+RN39C9rhlfZHQpJhxmQG/dkOYe/b3Z0P8b6Kv5m1qw=="
      },
      "Microsoft.Extensions.DependencyInjection": {
        "type": "Transitive",
        "resolved": "8.0.0",
        "contentHash": "V8S3bsm50ig6JSyrbcJJ8bW2b9QLGouz+G1miK3UTaOWmMtFwNNNzUf4AleyDWUmTrWMLNnFSLEQtxmxgNQnNQ==",
        "dependencies": {
          "Microsoft.Extensions.DependencyInjection.Abstractions": "8.0.0"
        }
      },
      "Microsoft.Extensions.DependencyInjection.Abstractions": {
        "type": "Transitive",
        "resolved": "8.0.0",
        "contentHash": "cjWrLkJXK0rs4zofsK4bSdg+jhDLTaxrkXu4gS6Y7MAlCvRyNNgwY/lJi5RDlQOnSZweHqoyvgvbdvQsRIW+hg=="
      },
      "PeNet.Asn1": {
        "type": "Transitive",
        "resolved": "2.0.1",
        "contentHash": "YR2O2YokSAYB+7CXkCDN3bd6/p0K3/AicCPkOJHKUz500v1D/hulCuVlggguqNc3M0LgSfOZKGvVYg2ud1GA9A=="
      },
      "SharpGLTF.Runtime": {
        "type": "Transitive",
        "resolved": "1.0.1",
        "contentHash": "KsgEBKLfsEnu2IPeKaWp4Ih97+kby17IohrAB6Ev8gET18iS80nKMW/APytQWpenMmcWU06utInpANqyrwRlDg==",
        "dependencies": {
          "SharpGLTF.Core": "1.0.1"
        }
      },
      "System.Security.Cryptography.Pkcs": {
        "type": "Transitive",
        "resolved": "8.0.0",
        "contentHash": "ULmp3xoOwNYjOYp4JZ2NK/6NdTgiN1GQXzVVN1njQ7LOZ0d0B9vyMnhyqbIi9Qw4JXj1JgCsitkTShboHRx7Eg==",
        "dependencies": {
          "System.Formats.Asn1": "8.0.0"
        }
      },
      "System.ValueTuple": {
        "type": "Transitive",
        "resolved": "4.5.0",
        "contentHash": "okurQJO6NRE/apDIP23ajJ0hpiNmJ+f0BwOlB/cSqTLQlw5upkf+5+96+iG2Jw40G1fCVCyPz/FhIABUjMR+RQ=="
      },
      "Unosquare.Swan.Lite": {
        "type": "Transitive",
        "resolved": "3.1.0",
        "contentHash": "X3s5QE/KMj3WAPFqFve7St+Ds10BB50u8kW8PmKIn7FVkn7yEXe9Yxr2htt1WV85DRqfFR0MN/BUNHkGHtL4OQ==",
        "dependencies": {
          "System.ValueTuple": "4.5.0"
        }
      },
      "ZstdSharp.Port": {
        "type": "Transitive",
        "resolved": "0.8.0",
        "contentHash": "Z62eNBIu8E8YtbqlMy57tK3dV1+m2b9NhPeaYovB5exmLKvrGCqOhJTzrEUH5VyUWU6vwX3c1XHJGhW5HVs8dA=="
      },
      "ottergui": {
        "type": "Project",
        "dependencies": {
          "JetBrains.Annotations": "[2024.2.0, )",
          "Microsoft.Extensions.DependencyInjection": "[8.0.0, )"
        }
      },
      "penumbra.api": {
        "type": "Project"
      },
      "penumbra.crashhandler": {
        "type": "Project"
      },
      "penumbra.gamedata": {
        "type": "Project",
        "dependencies": {
          "OtterGui": "[1.0.0, )",
          "Penumbra.Api": "[5.3.0, )",
          "Penumbra.String": "[1.0.4, )"
        }
      },
      "penumbra.string": {
        "type": "Project"
      }
    }
  }
}