{
  "version": 1,
  "dependencies": {
    "net8.0-windows7.0": {
      "EmbedIO": {
        "type": "Direct",
        "requested": "[3.4.3, )",
        "resolved": "3.4.3",
        "contentHash": "YM6hpZNAfvbbixfG9T4lWDGfF0D/TqutbTROL4ogVcHKwPF1hp+xS3ABwd3cxxTxvDFkj/zZl57QgWuFA8Igxw==",
        "dependencies": {
          "Unosquare.Swan.Lite": "3.0.0"
        }
      },
      "SharpCompress": {
        "type": "Direct",
        "requested": "[0.33.0, )",
        "resolved": "0.33.0",
        "contentHash": "FlHfpTAADzaSlVCBF33iKJk9UhOr3Xj+r5LXbW2GzqYr0SrhiOf6shLX2LC2fqs7g7d+YlwKbBXqWFtb+e7icw=="
      },
      "SharpGLTF.Core": {
        "type": "Direct",
        "requested": "[1.0.0-alpha0030, )",
        "resolved": "1.0.0-alpha0030",
        "contentHash": "HVL6PcrM0H/uEk96nRZfhtPeYvSFGHnni3g1aIckot2IWVp0jLMH5KWgaWfsatEz4Yds3XcdSLUWmJZivDBUPA=="
      },
      "SharpGLTF.Toolkit": {
        "type": "Direct",
        "requested": "[1.0.0-alpha0030, )",
        "resolved": "1.0.0-alpha0030",
        "contentHash": "nsoJWAFhXgEky9bVCY0zLeZVDx+S88u7VjvuebvMb6dJiNyFOGF6FrrMHiJe+x5pcVBxxlc3VoXliBF7r/EqYA==",
        "dependencies": {
          "SharpGLTF.Runtime": "1.0.0-alpha0030"
        }
      },
      "SixLabors.ImageSharp": {
        "type": "Direct",
        "requested": "[3.1.4, )",
        "resolved": "3.1.4",
        "contentHash": "lFIdxgGDA5iYkUMRFOze7BGLcdpoLFbR+a20kc1W7NepvzU7ejtxtWOg9RvgG7kb9tBoJ3ONYOK6kLil/dgF1w=="
      },
      "JetBrains.Annotations": {
        "type": "Transitive",
        "resolved": "2023.3.0",
        "contentHash": "PHfnvdBUdGaTVG9bR/GEfxgTwWM0Z97Y6X3710wiljELBISipSfF5okn/vz+C2gfO+ihoEyVPjaJwn8ZalVukA=="
      },
      "Microsoft.Extensions.DependencyInjection": {
        "type": "Transitive",
        "resolved": "8.0.0",
        "contentHash": "V8S3bsm50ig6JSyrbcJJ8bW2b9QLGouz+G1miK3UTaOWmMtFwNNNzUf4AleyDWUmTrWMLNnFSLEQtxmxgNQnNQ==",
        "dependencies": {
          "Microsoft.Extensions.DependencyInjection.Abstractions": "8.0.0"
        }
      },
      "Microsoft.Extensions.DependencyInjection.Abstractions": {
        "type": "Transitive",
        "resolved": "8.0.0",
        "contentHash": "cjWrLkJXK0rs4zofsK4bSdg+jhDLTaxrkXu4gS6Y7MAlCvRyNNgwY/lJi5RDlQOnSZweHqoyvgvbdvQsRIW+hg=="
      },
      "SharpGLTF.Runtime": {
        "type": "Transitive",
        "resolved": "1.0.0-alpha0030",
        "contentHash": "Ysn+fyj9EVXj6mfG0BmzSTBGNi/QvcnTrMd54dBMOlI/TsMRvnOY3JjTn0MpeH2CgHXX4qogzlDt4m+rb3n4Og==",
        "dependencies": {
          "SharpGLTF.Core": "1.0.0-alpha0030"
        }
      },
      "System.ValueTuple": {
        "type": "Transitive",
        "resolved": "4.5.0",
        "contentHash": "okurQJO6NRE/apDIP23ajJ0hpiNmJ+f0BwOlB/cSqTLQlw5upkf+5+96+iG2Jw40G1fCVCyPz/FhIABUjMR+RQ=="
      },
      "Unosquare.Swan.Lite": {
        "type": "Transitive",
        "resolved": "3.0.0",
        "contentHash": "noPwJJl1Q9uparXy1ogtkmyAPGNfSGb0BLT1292nFH1jdMKje6o2kvvrQUvF9Xklj+IoiAI0UzF6Aqxlvo10lw==",
        "dependencies": {
          "System.ValueTuple": "4.5.0"
        }
      },
      "ottergui": {
        "type": "Project",
        "dependencies": {
          "JetBrains.Annotations": "[2023.3.0, )",
          "Microsoft.Extensions.DependencyInjection": "[8.0.0, )"
        }
      },
      "penumbra.api": {
        "type": "Project"
      },
      "penumbra.crashhandler": {
        "type": "Project"
      },
      "penumbra.gamedata": {
        "type": "Project",
        "dependencies": {
          "OtterGui": "[1.0.0, )",
          "Penumbra.Api": "[5.0.0, )",
          "Penumbra.String": "[1.0.4, )"
        }
      },
      "penumbra.string": {
        "type": "Project"
      }
    }
  }
}