{
  "version": 1,
  "dependencies": {
    "net9.0-windows7.0": {
      "DalamudPackager": {
        "type": "Direct",
        "requested": "[12.0.0, )",
        "resolved": "12.0.0",
        "contentHash": "J5TJLV3f16T/E2H2P17ClWjtfEBPpq3yxvqW46eN36JCm6wR+EaoaYkqG9Rm5sHqs3/nK/vKjWWyvEs/jhKoXw=="
      },
      "DotNet.ReproducibleBuilds": {
        "type": "Direct",
        "requested": "[1.2.25, )",
        "resolved": "1.2.25",
        "contentHash": "xCXiw7BCxHJ8pF6wPepRUddlh2dlQlbr81gXA72hdk4FLHkKXas7EH/n+fk5UCA/YfMqG1Z6XaPiUjDbUNBUzg=="
      },
      "EmbedIO": {
        "type": "Direct",
        "requested": "[3.5.2, )",
        "resolved": "3.5.2",
        "contentHash": "YU4j+3XvuO8/VPkNf7KWOF1TpMhnyVhXnPsG1mvnDhTJ9D5BZOFXVDvCpE/SkQ1AJ0Aa+dXOVSW3ntgmLL7aJg==",
        "dependencies": {
          "Unosquare.Swan.Lite": "3.1.0"
        }
      },
      "PeNet": {
        "type": "Direct",
        "requested": "[4.1.1, )",
        "resolved": "4.1.1",
        "contentHash": "TiRyOVcg1Bh2FyP6Dm2NEiYzemSlQderhaxuH3XWNyTYsnHrm1n/xvoTftgMwsWD4C/3kTqJw93oZOvHojJfKg==",
        "dependencies": {
          "PeNet.Asn1": "2.0.1",
          "System.Security.Cryptography.Pkcs": "8.0.1"
        }
      },
      "SharpCompress": {
        "type": "Direct",
        "requested": "[0.39.0, )",
        "resolved": "0.39.0",
        "contentHash": "0esqIUDlg68Z7+Weuge4QzEvNtawUO4obTJFL7xuf4DBHMxVRr+wbNgiX9arMrj3kGXQSvLe0zbZG3oxpkwJOA==",
        "dependencies": {
          "System.Buffers": "4.6.0",
          "ZstdSharp.Port": "0.8.4"
        }
      },
      "SharpGLTF.Core": {
        "type": "Direct",
        "requested": "[1.0.3, )",
        "resolved": "1.0.3",
        "contentHash": "su+Flcg2g6GgOIgulRGBDMHA6zY5NBx6NYH1Ayd6iBbSbwspHsN2VQgZfANgJy92cBf7qtpjC0uMiShbO+TEEg=="
      },
      "SharpGLTF.Toolkit": {
        "type": "Direct",
        "requested": "[1.0.3, )",
        "resolved": "1.0.3",
        "contentHash": "vkEuf8ch76NNgZXU/3zoXTIXRO0o14H3aRoSFzcuUQb0PTxvV6jEfmWkUVO6JtLDuFCIimqZaf3hdxr32ltpfQ==",
        "dependencies": {
          "SharpGLTF.Runtime": "1.0.3"
        }
      },
      "SixLabors.ImageSharp": {
        "type": "Direct",
        "requested": "[3.1.7, )",
        "resolved": "3.1.7",
        "contentHash": "9fIOOAsyLFid6qKypM2Iy0Z3Q9yoanV8VoYAHtI2sYGMNKzhvRTjgFDHonIiVe+ANtxIxM6SuqUzj0r91nItpA=="
      },
      "System.Formats.Asn1": {
        "type": "Direct",
        "requested": "[9.0.2, )",
        "resolved": "9.0.2",
        "contentHash": "OKWHCPYQr/+cIoO8EVjFn7yFyiT8Mnf1wif/5bYGsqxQV6PrwlX2HQ9brZNx57ViOvRe4ing1xgHCKl/5Ko8xg=="
      },
      "JetBrains.Annotations": {
        "type": "Transitive",
        "resolved": "2024.3.0",
        "contentHash": "ox5pkeLQXjvJdyAB4b2sBYAlqZGLh3PjSnP1bQNVx72ONuTJ9+34/+Rq91Fc0dG29XG9RgZur9+NcP4riihTug=="
      },
      "Microsoft.Extensions.DependencyInjection": {
        "type": "Transitive",
        "resolved": "9.0.2",
        "contentHash": "ZffbJrskOZ40JTzcTyKwFHS5eACSWp2bUQBBApIgGV+es8RaTD4OxUG7XxFr3RIPLXtYQ1jQzF2DjKB5fZn7Qg==",
        "dependencies": {
          "Microsoft.Extensions.DependencyInjection.Abstractions": "9.0.2"
        }
      },
      "Microsoft.Extensions.DependencyInjection.Abstractions": {
        "type": "Transitive",
        "resolved": "9.0.2",
        "contentHash": "MNe7GSTBf3jQx5vYrXF0NZvn6l7hUKF6J54ENfAgCO8y6xjN1XUmKKWG464LP2ye6QqDiA1dkaWEZBYnhoZzjg=="
      },
      "PeNet.Asn1": {
        "type": "Transitive",
        "resolved": "2.0.1",
        "contentHash": "YR2O2YokSAYB+7CXkCDN3bd6/p0K3/AicCPkOJHKUz500v1D/hulCuVlggguqNc3M0LgSfOZKGvVYg2ud1GA9A=="
      },
      "SharpGLTF.Runtime": {
        "type": "Transitive",
        "resolved": "1.0.3",
        "contentHash": "W0bg2WyXlcSAJVu153hNUNm+BU4RP46yLwGD4099hSm8dsXG/H+J95PBoLJbIq8KGVkUWvfM0+XWHoEkCyd50A==",
        "dependencies": {
          "SharpGLTF.Core": "1.0.3"
        }
      },
      "System.Buffers": {
        "type": "Transitive",
        "resolved": "4.6.0",
        "contentHash": "lN6tZi7Q46zFzAbRYXTIvfXcyvQQgxnY7Xm6C6xQ9784dEL1amjM6S6Iw4ZpsvesAKnRVsM4scrDQaDqSClkjA=="
      },
      "System.Security.Cryptography.Pkcs": {
        "type": "Transitive",
        "resolved": "8.0.1",
        "contentHash": "CoCRHFym33aUSf/NtWSVSZa99dkd0Hm7OCZUxORBjRB16LNhIEOf8THPqzIYlvKM0nNDAPTRBa1FxEECrgaxxA=="
      },
      "System.ValueTuple": {
        "type": "Transitive",
        "resolved": "4.5.0",
        "contentHash": "okurQJO6NRE/apDIP23ajJ0hpiNmJ+f0BwOlB/cSqTLQlw5upkf+5+96+iG2Jw40G1fCVCyPz/FhIABUjMR+RQ=="
      },
      "Unosquare.Swan.Lite": {
        "type": "Transitive",
        "resolved": "3.1.0",
        "contentHash": "X3s5QE/KMj3WAPFqFve7St+Ds10BB50u8kW8PmKIn7FVkn7yEXe9Yxr2htt1WV85DRqfFR0MN/BUNHkGHtL4OQ==",
        "dependencies": {
          "System.ValueTuple": "4.5.0"
        }
      },
      "ZstdSharp.Port": {
        "type": "Transitive",
        "resolved": "0.8.4",
        "contentHash": "eieSXq3kakCUXbgdxkKaRqWS6hF0KBJcqok9LlDCs60GOyrynLvPOcQ0pRw7shdPF7lh/VepJ9cP9n9HHc759g=="
      },
      "ottergui": {
        "type": "Project",
        "dependencies": {
          "JetBrains.Annotations": "[2024.3.0, )",
          "Microsoft.Extensions.DependencyInjection": "[9.0.2, )"
        }
      },
      "penumbra.api": {
        "type": "Project"
      },
      "penumbra.crashhandler": {
        "type": "Project"
      },
      "penumbra.gamedata": {
        "type": "Project",
        "dependencies": {
          "OtterGui": "[1.0.0, )",
          "Penumbra.Api": "[5.6.1, )",
          "Penumbra.String": "[1.0.6, )"
        }
      },
      "penumbra.string": {
        "type": "Project"
      }
    }
  }
}